{
  "name": "17.ders",
  "version": "1.0.0",
  "lockfileVersion": 3,
  "requires": true,
  "packages": {
    "": {
      "name": "17.ders",
      "version": "1.0.0",
      "license": "ISC",
      "dependencies": {
        "object-to-style": "^1.0.5"
      }
    },
    "node_modules/object-to-style": {
      "version": "1.0.5",
      "resolved": "https://registry.npmjs.org/object-to-style/-/object-to-style-1.0.5.tgz",
      "integrity": "sha512-zh4BjY9KB4hp/7PqI52vDL/nQxHlH6pQGy+fjIxKZ9Ku7uKDRaPjtZO2HoHopPzSlq9v5leTG0n2Oj4T+Bz+sw=="
    }
  }
}
